
Microsoft Visual Studio Solution File, Format Version 12.00
# Visual Studio Version 16
VisualStudioVersion = 16.0.29319.158
MinimumVisualStudioVersion = 10.0.40219.1
Project("{FAE04EC0-301F-11D3-BF4B-00C04F79EFBC}") = "ProfilerDemo", "ProfilerDemo.csproj", "{43CA0000-CC10-4480-BFD0-790F4EA4A75A}"
EndProject
Global
	GlobalSection(SolutionConfigurationPlatforms) = preSolution
		Debug|Any CPU = Debug|Any CPU
		Release|Any CPU = Release|Any CPU
	EndGlobalSection
	GlobalSection(ProjectConfigurationPlatforms) = postSolution
		{43CA0000-CC10-4480-BFD0-790F4EA4A75A}.Debug|Any CPU.ActiveCfg = Debug|Any CPU
		{43CA0000-CC10-4480-BFD0-790F4EA4A75A}.Debug|Any CPU.Build.0 = Debug|Any CPU
		{43CA0000-CC10-4480-BFD0-790F4EA4A75A}.Release|Any CPU.ActiveCfg = Release|Any CPU
		{43CA0000-CC10-4480-BFD0-790F4EA4A75A}.Release|Any CPU.Build.0 = Release|Any CPU
	EndGlobalSection
	GlobalSection(SolutionProperties) = preSolution
		HideSolutionNode = FALSE
	EndGlobalSection
	GlobalSection(ExtensibilityGlobals) = postSolution
		SolutionGuid = {B663FF60-168E-4B57-82FF-EBA00F7263EF}
	EndGlobalSection
EndGlobal
