
Microsoft Visual Studio Solution File, Format Version 12.00
# Visual Studio 2013
VisualStudioVersion = 12.0.30723.0
MinimumVisualStudioVersion = 10.0.40219.1
Project("{FAE04EC0-301F-11D3-BF4B-00C04F79EFBC}") = "Exceptional", "Exceptional\Exceptional.csproj", "{09FA4AA8-88A6-4C29-B919-777E6E8FDC58}"
EndProject
Project("{FAE04EC0-301F-11D3-BF4B-00C04F79EFBC}") = "WrapNonExceptionThrowsSetToFalse", "WrapNonExceptionThrowsSetToFalse\WrapNonExceptionThrowsSetToFalse.csproj", "{95D2CB28-8379-49F8-A814-20B38249A826}"
EndProject
Global
	GlobalSection(SolutionConfigurationPlatforms) = preSolution
		Debug|Any CPU = Debug|Any CPU
		Release|Any CPU = Release|Any CPU
	EndGlobalSection
	GlobalSection(ProjectConfigurationPlatforms) = postSolution
		{09FA4AA8-88A6-4C29-B919-777E6E8FDC58}.Debug|Any CPU.ActiveCfg = Debug|Any CPU
		{09FA4AA8-88A6-4C29-B919-777E6E8FDC58}.Debug|Any CPU.Build.0 = Debug|Any CPU
		{09FA4AA8-88A6-4C29-B919-777E6E8FDC58}.Release|Any CPU.ActiveCfg = Release|Any CPU
		{09FA4AA8-88A6-4C29-B919-777E6E8FDC58}.Release|Any CPU.Build.0 = Release|Any CPU
		{95D2CB28-8379-49F8-A814-20B38249A826}.Debug|Any CPU.ActiveCfg = Debug|Any CPU
		{95D2CB28-8379-49F8-A814-20B38249A826}.Debug|Any CPU.Build.0 = Debug|Any CPU
		{95D2CB28-8379-49F8-A814-20B38249A826}.Release|Any CPU.ActiveCfg = Release|Any CPU
		{95D2CB28-8379-49F8-A814-20B38249A826}.Release|Any CPU.Build.0 = Release|Any CPU
	EndGlobalSection
	GlobalSection(SolutionProperties) = preSolution
		HideSolutionNode = FALSE
	EndGlobalSection
EndGlobal
